// !$*UTF8*$!
{
	archiveVersion = 1;
	classes = {
	};
	objectVersion = 46;
	objects = {

/* Begin PBXBuildFile section */
		3789D84D1A674EE30099CE37 /* Foundation.framework in Frameworks */ = {isa = PBXBuildFile; fileRef = 3789D84C1A674EE30099CE37 /* Foundation.framework */; };
		3789D84F1A674EE30099CE37 /* CoreGraphics.framework in Frameworks */ = {isa = PBXBuildFile; fileRef = 3789D84E1A674EE30099CE37 /* CoreGraphics.framework */; };
		3789D8511A674EE30099CE37 /* UIKit.framework in Frameworks */ = {isa = PBXBuildFile; fileRef = 3789D8501A674EE30099CE37 /* UIKit.framework */; };
		3789D8571A674EE30099CE37 /* InfoPlist.strings in Resources */ = {isa = PBXBuildFile; fileRef = 3789D8551A674EE30099CE37 /* InfoPlist.strings */; };
		3789D8591A674EE30099CE37 /* main.m in Sources */ = {isa = PBXBuildFile; fileRef = 3789D8581A674EE30099CE37 /* main.m */; };
		3789D85D1A674EE30099CE37 /* AppDelegate.m in Sources */ = {isa = PBXBuildFile; fileRef = 3789D85C1A674EE30099CE37 /* AppDelegate.m */; };
		3789D8601A674EE30099CE37 /* Main.storyboard in Resources */ = {isa = PBXBuildFile; fileRef = 3789D85E1A674EE30099CE37 /* Main.storyboard */; };
		3789D8651A674EE30099CE37 /* Images.xcassets in Resources */ = {isa = PBXBuildFile; fileRef = 3789D8641A674EE30099CE37 /* Images.xcassets */; };
		3789D86C1A674EE30099CE37 /* XCTest.framework in Frameworks */ = {isa = PBXBuildFile; fileRef = 3789D86B1A674EE30099CE37 /* XCTest.framework */; };
		3789D86D1A674EE30099CE37 /* Foundation.framework in Frameworks */ = {isa = PBXBuildFile; fileRef = 3789D84C1A674EE30099CE37 /* Foundation.framework */; };
		3789D86E1A674EE30099CE37 /* UIKit.framework in Frameworks */ = {isa = PBXBuildFile; fileRef = 3789D8501A674EE30099CE37 /* UIKit.framework */; };
		3789D8761A674EE30099CE37 /* InfoPlist.strings in Resources */ = {isa = PBXBuildFile; fileRef = 3789D8741A674EE30099CE37 /* InfoPlist.strings */; };
		3789D8781A674EE30099CE37 /* nsmutabletestTests.m in Sources */ = {isa = PBXBuildFile; fileRef = 3789D8771A674EE30099CE37 /* nsmutabletestTests.m */; };
		3789D8831A674FB10099CE37 /* delTableViewController.m in Sources */ = {isa = PBXBuildFile; fileRef = 3789D8821A674FB10099CE37 /* delTableViewController.m */; };
/* End PBXBuildFile section */

/* Begin PBXContainerItemProxy section */
		3789D86F1A674EE30099CE37 /* PBXContainerItemProxy */ = {
			isa = PBXContainerItemProxy;
			containerPortal = 3789D8411A674EE30099CE37 /* Project object */;
			proxyType = 1;
			remoteGlobalIDString = 3789D8481A674EE30099CE37;
			remoteInfo = nsmutabletest;
		};
/* End PBXContainerItemProxy section */

/* Begin PBXFileReference section */
		3789D8491A674EE30099CE37 /* nsmutabletest.app */ = {isa = PBXFileReference; explicitFileType = wrapper.application; includeInIndex = 0; path = nsmutabletest.app; sourceTree = BUILT_PRODUCTS_DIR; };
		3789D84C1A674EE30099CE37 /* Foundation.framework */ = {isa = PBXFileReference; lastKnownFileType = wrapper.framework; name = Foundation.framework; path = System/Library/Frameworks/Foundation.framework; sourceTree = SDKROOT; };
		3789D84E1A674EE30099CE37 /* CoreGraphics.framework */ = {isa = PBXFileReference; lastKnownFileType = wrapper.framework; name = CoreGraphics.framework; path = System/Library/Frameworks/CoreGraphics.framework; sourceTree = SDKROOT; };
		3789D8501A674EE30099CE37 /* UIKit.framework */ = {isa = PBXFileReference; lastKnownFileType = wrapper.framework; name = UIKit.framework; path = System/Library/Frameworks/UIKit.framework; sourceTree = SDKROOT; };
		3789D8541A674EE30099CE37 /* nsmutabletest-Info.plist */ = {isa = PBXFileReference; lastKnownFileType = text.plist.xml; path = "nsmutabletest-Info.plist"; sourceTree = "<group>"; };
		3789D8561A674EE30099CE37 /* en */ = {isa = PBXFileReference; lastKnownFileType = text.plist.strings; name = en; path = en.lproj/InfoPlist.strings; sourceTree = "<group>"; };
		3789D8581A674EE30099CE37 /* main.m */ = {isa = PBXFileReference; lastKnownFileType = sourcecode.c.objc; path = main.m; sourceTree = "<group>"; };
		3789D85A1A674EE30099CE37 /* nsmutabletest-Prefix.pch */ = {isa = PBXFileReference; lastKnownFileType = sourcecode.c.h; path = "nsmutabletest-Prefix.pch"; sourceTree = "<group>"; };
		3789D85B1A674EE30099CE37 /* AppDelegate.h */ = {isa = PBXFileReference; lastKnownFileType = sourcecode.c.h; path = AppDelegate.h; sourceTree = "<group>"; };
		3789D85C1A674EE30099CE37 /* AppDelegate.m */ = {isa = PBXFileReference; lastKnownFileType = sourcecode.c.objc; path = AppDelegate.m; sourceTree = "<group>"; };
		3789D85F1A674EE30099CE37 /* Base */ = {isa = PBXFileReference; lastKnownFileType = file.storyboard; name = Base; path = Base.lproj/Main.storyboard; sourceTree = "<group>"; };
		3789D8641A674EE30099CE37 /* Images.xcassets */ = {isa = PBXFileReference; lastKnownFileType = folder.assetcatalog; path = Images.xcassets; sourceTree = "<group>"; };
		3789D86A1A674EE30099CE37 /* nsmutabletestTests.xctest */ = {isa = PBXFileReference; explicitFileType = wrapper.cfbundle; includeInIndex = 0; path = nsmutabletestTests.xctest; sourceTree = BUILT_PRODUCTS_DIR; };
		3789D86B1A674EE30099CE37 /* XCTest.framework */ = {isa = PBXFileReference; lastKnownFileType = wrapper.framework; name = XCTest.framework; path = Library/Frameworks/XCTest.framework; sourceTree = DEVELOPER_DIR; };
		3789D8731A674EE30099CE37 /* nsmutabletestTests-Info.plist */ = {isa = PBXFileReference; lastKnownFileType = text.plist.xml; path = "nsmutabletestTests-Info.plist"; sourceTree = "<group>"; };
		3789D8751A674EE30099CE37 /* en */ = {isa = PBXFileReference; lastKnownFileType = text.plist.strings; name = en; path = en.lproj/InfoPlist.strings; sourceTree = "<group>"; };
		3789D8771A674EE30099CE37 /* nsmutabletestTests.m */ = {isa = PBXFileReference; lastKnownFileType = sourcecode.c.objc; path = nsmutabletestTests.m; sourceTree = "<group>"; };
		3789D8811A674FB10099CE37 /* delTableViewController.h */ = {isa = PBXFileReference; fileEncoding = 4; lastKnownFileType = sourcecode.c.h; path = delTableViewController.h; sourceTree = "<group>"; };
		3789D8821A674FB10099CE37 /* delTableViewController.m */ = {isa = PBXFileReference; fileEncoding = 4; lastKnownFileType = sourcecode.c.objc; path = delTableViewController.m; sourceTree = "<group>"; };
/* End PBXFileReference section */

/* Begin PBXFrameworksBuildPhase section */
		3789D8461A674EE30099CE37 /* Frameworks */ = {
			isa = PBXFrameworksBuildPhase;
			buildActionMask = 2147483647;
			files = (
				3789D84F1A674EE30099CE37 /* CoreGraphics.framework in Frameworks */,
				3789D8511A674EE30099CE37 /* UIKit.framework in Frameworks */,
				3789D84D1A674EE30099CE37 /* Foundation.framework in Frameworks */,
			);
			runOnlyForDeploymentPostprocessing = 0;
		};
		3789D8671A674EE30099CE37 /* Frameworks */ = {
			isa = PBXFrameworksBuildPhase;
			buildActionMask = 2147483647;
			files = (
				3789D86C1A674EE30099CE37 /* XCTest.framework in Frameworks */,
				3789D86E1A674EE30099CE37 /* UIKit.framework in Frameworks */,
				3789D86D1A674EE30099CE37 /* Foundation.framework in Frameworks */,
			);
			runOnlyForDeploymentPostprocessing = 0;
		};
/* End PBXFrameworksBuildPhase section */

/* Begin PBXGroup section */
		3789D8401A674EE30099CE37 = {
			isa = PBXGroup;
			children = (
				3789D8521A674EE30099CE37 /* nsmutabletest */,
				3789D8711A674EE30099CE37 /* nsmutabletestTests */,
				3789D84B1A674EE30099CE37 /* Frameworks */,
				3789D84A1A674EE30099CE37 /* Products */,
			);
			sourceTree = "<group>";
		};
		3789D84A1A674EE30099CE37 /* Products */ = {
			isa = PBXGroup;
			children = (
				3789D8491A674EE30099CE37 /* nsmutabletest.app */,
				3789D86A1A674EE30099CE37 /* nsmutabletestTests.xctest */,
			);
			name = Products;
			sourceTree = "<group>";
		};
		3789D84B1A674EE30099CE37 /* Frameworks */ = {
			isa = PBXGroup;
			children = (
				3789D84C1A674EE30099CE37 /* Foundation.framework */,
				3789D84E1A674EE30099CE37 /* CoreGraphics.framework */,
				3789D8501A674EE30099CE37 /* UIKit.framework */,
				3789D86B1A674EE30099CE37 /* XCTest.framework */,
			);
			name = Frameworks;
			sourceTree = "<group>";
		};
		3789D8521A674EE30099CE37 /* nsmutabletest */ = {
			isa = PBXGroup;
			children = (
				3789D85B1A674EE30099CE37 /* AppDelegate.h */,
				3789D85C1A674EE30099CE37 /* AppDelegate.m */,
				3789D85E1A674EE30099CE37 /* Main.storyboard */,
				3789D8811A674FB10099CE37 /* delTableViewController.h */,
				3789D8821A674FB10099CE37 /* delTableViewController.m */,
				3789D8641A674EE30099CE37 /* Images.xcassets */,
				3789D8531A674EE30099CE37 /* Supporting Files */,
			);
			path = nsmutabletest;
			sourceTree = "<group>";
		};
		3789D8531A674EE30099CE37 /* Supporting Files */ = {
			isa = PBXGroup;
			children = (
				3789D8541A674EE30099CE37 /* nsmutabletest-Info.plist */,
				3789D8551A674EE30099CE37 /* InfoPlist.strings */,
				3789D8581A674EE30099CE37 /* main.m */,
				3789D85A1A674EE30099CE37 /* nsmutabletest-Prefix.pch */,
			);
			name = "Supporting Files";
			sourceTree = "<group>";
		};
		3789D8711A674EE30099CE37 /* nsmutabletestTests */ = {
			isa = PBXGroup;
			children = (
				3789D8771A674EE30099CE37 /* nsmutabletestTests.m */,
				3789D8721A674EE30099CE37 /* Supporting Files */,
			);
			path = nsmutabletestTests;
			sourceTree = "<group>";
		};
		3789D8721A674EE30099CE37 /* Supporting Files */ = {
			isa = PBXGroup;
			children = (
				3789D8731A674EE30099CE37 /* nsmutabletestTests-Info.plist */,
				3789D8741A674EE30099CE37 /* InfoPlist.strings */,
			);
			name = "Supporting Files";
			sourceTree = "<group>";
		};
/* End PBXGroup section */

/* Begin PBXNativeTarget section */
		3789D8481A674EE30099CE37 /* nsmutabletest */ = {
			isa = PBXNativeTarget;
			buildConfigurationList = 3789D87B1A674EE30099CE37 /* Build configuration list for PBXNativeTarget "nsmutabletest" */;
			buildPhases = (
				3789D8451A674EE30099CE37 /* Sources */,
				3789D8461A674EE30099CE37 /* Frameworks */,
				3789D8471A674EE30099CE37 /* Resources */,
			);
			buildRules = (
			);
			dependencies = (
			);
			name = nsmutabletest;
			productName = nsmutabletest;
			productReference = 3789D8491A674EE30099CE37 /* nsmutabletest.app */;
			productType = "com.apple.product-type.application";
		};
		3789D8691A674EE30099CE37 /* nsmutabletestTests */ = {
			isa = PBXNativeTarget;
			buildConfigurationList = 3789D87E1A674EE30099CE37 /* Build configuration list for PBXNativeTarget "nsmutabletestTests" */;
			buildPhases = (
				3789D8661A674EE30099CE37 /* Sources */,
				3789D8671A674EE30099CE37 /* Frameworks */,
				3789D8681A674EE30099CE37 /* Resources */,
			);
			buildRules = (
			);
			dependencies = (
				3789D8701A674EE30099CE37 /* PBXTargetDependency */,
			);
			name = nsmutabletestTests;
			productName = nsmutabletestTests;
			productReference = 3789D86A1A674EE30099CE37 /* nsmutabletestTests.xctest */;
			productType = "com.apple.product-type.bundle.unit-test";
		};
/* End PBXNativeTarget section */

/* Begin PBXProject section */
		3789D8411A674EE30099CE37 /* Project object */ = {
			isa = PBXProject;
			attributes = {
				LastUpgradeCheck = 0510;
				ORGANIZATIONNAME = carolpao;
				TargetAttributes = {
					3789D8691A674EE30099CE37 = {
						TestTargetID = 3789D8481A674EE30099CE37;
					};
				};
			};
			buildConfigurationList = 3789D8441A674EE30099CE37 /* Build configuration list for PBXProject "nsmutabletest" */;
			compatibilityVersion = "Xcode 3.2";
			developmentRegion = English;
			hasScannedForEncodings = 0;
			knownRegions = (
				en,
				Base,
			);
			mainGroup = 3789D8401A674EE30099CE37;
			productRefGroup = 3789D84A1A674EE30099CE37 /* Products */;
			projectDirPath = "";
			projectRoot = "";
			targets = (
				3789D8481A674EE30099CE37 /* nsmutabletest */,
				3789D8691A674EE30099CE37 /* nsmutabletestTests */,
			);
		};
/* End PBXProject section */

/* Begin PBXResourcesBuildPhase section */
		3789D8471A674EE30099CE37 /* Resources */ = {
			isa = PBXResourcesBuildPhase;
			buildActionMask = 2147483647;
			files = (
				3789D8651A674EE30099CE37 /* Images.xcassets in Resources */,
				3789D8571A674EE30099CE37 /* InfoPlist.strings in Resources */,
				3789D8601A674EE30099CE37 /* Main.storyboard in Resources */,
			);
			runOnlyForDeploymentPostprocessing = 0;
		};
		3789D8681A674EE30099CE37 /* Resources */ = {
			isa = PBXResourcesBuildPhase;
			buildActionMask = 2147483647;
			files = (
				3789D8761A674EE30099CE37 /* InfoPlist.strings in Resources */,
			);
			runOnlyForDeploymentPostprocessing = 0;
		};
/* End PBXResourcesBuildPhase section */

/* Begin PBXSourcesBuildPhase section */
		3789D8451A674EE30099CE37 /* Sources */ = {
			isa = PBXSourcesBuildPhase;
			buildActionMask = 2147483647;
			files = (
				3789D85D1A674EE30099CE37 /* AppDelegate.m in Sources */,
				3789D8591A674EE30099CE37 /* main.m in Sources */,
				3789D8831A674FB10099CE37 /* delTableViewController.m in Sources */,
			);
			runOnlyForDeploymentPostprocessing = 0;
		};
		3789D8661A674EE30099CE37 /* Sources */ = {
			isa = PBXSourcesBuildPhase;
			buildActionMask = 2147483647;
			files = (
				3789D8781A674EE30099CE37 /* nsmutabletestTests.m in Sources */,
			);
			runOnlyForDeploymentPostprocessing = 0;
		};
/* End PBXSourcesBuildPhase section */

/* Begin PBXTargetDependency section */
		3789D8701A674EE30099CE37 /* PBXTargetDependency */ = {
			isa = PBXTargetDependency;
			target = 3789D8481A674EE30099CE37 /* nsmutabletest */;
			targetProxy = 3789D86F1A674EE30099CE37 /* PBXContainerItemProxy */;
		};
/* End PBXTargetDependency section */

/* Begin PBXVariantGroup section */
		3789D8551A674EE30099CE37 /* InfoPlist.strings */ = {
			isa = PBXVariantGroup;
			children = (
				3789D8561A674EE30099CE37 /* en */,
			);
			name = InfoPlist.strings;
			sourceTree = "<group>";
		};
		3789D85E1A674EE30099CE37 /* Main.storyboard */ = {
			isa = PBXVariantGroup;
			children = (
				3789D85F1A674EE30099CE37 /* Base */,
			);
			name = Main.storyboard;
			sourceTree = "<group>";
		};
		3789D8741A674EE30099CE37 /* InfoPlist.strings */ = {
			isa = PBXVariantGroup;
			children = (
				3789D8751A674EE30099CE37 /* en */,
			);
			name = InfoPlist.strings;
			sourceTree = "<group>";
		};
/* End PBXVariantGroup section */

/* Begin XCBuildConfiguration section */
		3789D8791A674EE30099CE37 /* Debug */ = {
			isa = XCBuildConfiguration;
			buildSettings = {
				ALWAYS_SEARCH_USER_PATHS = NO;
				CLANG_CXX_LANGUAGE_STANDARD = "gnu++0x";
				CLANG_CXX_LIBRARY = "libc++";
				CLANG_ENABLE_MODULES = YES;
				CLANG_ENABLE_OBJC_ARC = YES;
				CLANG_WARN_BOOL_CONVERSION = YES;
				CLANG_WARN_CONSTANT_CONVERSION = YES;
				CLANG_WARN_DIRECT_OBJC_ISA_USAGE = YES_ERROR;
				CLANG_WARN_EMPTY_BODY = YES;
				CLANG_WARN_ENUM_CONVERSION = YES;
				CLANG_WARN_INT_CONVERSION = YES;
				CLANG_WARN_OBJC_ROOT_CLASS = YES_ERROR;
				CLANG_WARN__DUPLICATE_METHOD_MATCH = YES;
				"CODE_SIGN_IDENTITY[sdk=iphoneos*]" = "iPhone Developer";
				COPY_PHASE_STRIP = NO;
				GCC_C_LANGUAGE_STANDARD = gnu99;
				GCC_DYNAMIC_NO_PIC = NO;
				GCC_OPTIMIZATION_LEVEL = 0;
				GCC_PREPROCESSOR_DEFINITIONS = (
					"DEBUG=1",
					"$(inherited)",
				);
				GCC_SYMBOLS_PRIVATE_EXTERN = NO;
				GCC_WARN_64_TO_32_BIT_CONVERSION = YES;
				GCC_WARN_ABOUT_RETURN_TYPE = YES_ERROR;
				GCC_WARN_UNDECLARED_SELECTOR = YES;
				GCC_WARN_UNINITIALIZED_AUTOS = YES_AGGRESSIVE;
				GCC_WARN_UNUSED_FUNCTION = YES;
				GCC_WARN_UNUSED_VARIABLE = YES;
				IPHONEOS_DEPLOYMENT_TARGET = 7.1;
				ONLY_ACTIVE_ARCH = YES;
				SDKROOT = iphoneos;
			};
			name = Debug;
		};
		3789D87A1A674EE30099CE37 /* Release */ = {
			isa = XCBuildConfiguration;
			buildSettings = {
				ALWAYS_SEARCH_USER_PATHS = NO;
				CLANG_CXX_LANGUAGE_STANDARD = "gnu++0x";
				CLANG_CXX_LIBRARY = "libc++";
				CLANG_ENABLE_MODULES = YES;
				CLANG_ENABLE_OBJC_ARC = YES;
				CLANG_WARN_BOOL_CONVERSION = YES;
				CLANG_WARN_CONSTANT_CONVERSION = YES;
				CLANG_WARN_DIRECT_OBJC_ISA_USAGE = YES_ERROR;
				CLANG_WARN_EMPTY_BODY = YES;
				CLANG_WARN_ENUM_CONVERSION = YES;
				CLANG_WARN_INT_CONVERSION = YES;
				CLANG_WARN_OBJC_ROOT_CLASS = YES_ERROR;
				CLANG_WARN__DUPLICATE_METHOD_MATCH = YES;
				"CODE_SIGN_IDENTITY[sdk=iphoneos*]" = "iPhone Developer";
				COPY_PHASE_STRIP = YES;
				ENABLE_NS_ASSERTIONS = NO;
				GCC_C_LANGUAGE_STANDARD = gnu99;
				GCC_WARN_64_TO_32_BIT_CONVERSION = YES;
				GCC_WARN_ABOUT_RETURN_TYPE = YES_ERROR;
				GCC_WARN_UNDECLARED_SELECTOR = YES;
				GCC_WARN_UNINITIALIZED_AUTOS = YES_AGGRESSIVE;
				GCC_WARN_UNUSED_FUNCTION = YES;
				GCC_WARN_UNUSED_VARIABLE = YES;
				IPHONEOS_DEPLOYMENT_TARGET = 7.1;
				SDKROOT = iphoneos;
				VALIDATE_PRODUCT = YES;
			};
			name = Release;
		};
		3789D87C1A674EE30099CE37 /* Debug */ = {
			isa = XCBuildConfiguration;
			buildSettings = {
				ASSETCATALOG_COMPILER_APPICON_NAME = AppIcon;
				ASSETCATALOG_COMPILER_LAUNCHIMAGE_NAME = LaunchImage;
				GCC_PRECOMPILE_PREFIX_HEADER = YES;
				GCC_PREFIX_HEADER = "nsmutabletest/nsmutabletest-Prefix.pch";
				INFOPLIST_FILE = "nsmutabletest/nsmutabletest-Info.plist";
				PRODUCT_NAME = "$(TARGET_NAME)";
				WRAPPER_EXTENSION = app;
			};
			name = Debug;
		};
		3789D87D1A674EE30099CE37 /* Release */ = {
			isa = XCBuildConfiguration;
			buildSettings = {
				ASSETCATALOG_COMPILER_APPICON_NAME = AppIcon;
				ASSETCATALOG_COMPILER_LAUNCHIMAGE_NAME = LaunchImage;
				GCC_PRECOMPILE_PREFIX_HEADER = YES;
				GCC_PREFIX_HEADER = "nsmutabletest/nsmutabletest-Prefix.pch";
				INFOPLIST_FILE = "nsmutabletest/nsmutabletest-Info.plist";
				PRODUCT_NAME = "$(TARGET_NAME)";
				WRAPPER_EXTENSION = app;
			};
			name = Release;
		};
		3789D87F1A674EE30099CE37 /* Debug */ = {
			isa = XCBuildConfiguration;
			buildSettings = {
				BUNDLE_LOADER = "$(BUILT_PRODUCTS_DIR)/nsmutabletest.app/nsmutabletest";
				FRAMEWORK_SEARCH_PATHS = (
					"$(SDKROOT)/Developer/Library/Frameworks",
					"$(inherited)",
					"$(DEVELOPER_FRAMEWORKS_DIR)",
				);
				GCC_PRECOMPILE_PREFIX_HEADER = YES;
				GCC_PREFIX_HEADER = "nsmutabletest/nsmutabletest-Prefix.pch";
				GCC_PREPROCESSOR_DEFINITIONS = (
					"DEBUG=1",
					"$(inherited)",
				);
				INFOPLIST_FILE = "nsmutabletestTests/nsmutabletestTests-Info.plist";
				PRODUCT_NAME = "$(TARGET_NAME)";
				TEST_HOST = "$(BUNDLE_LOADER)";
				WRAPPER_EXTENSION = xctest;
			};
			name = Debug;
		};
		3789D8801A674EE30099CE37 /* Release */ = {
			isa = XCBuildConfiguration;
			buildSettings = {
				BUNDLE_LOADER = "$(BUILT_PRODUCTS_DIR)/nsmutabletest.app/nsmutabletest";
				FRAMEWORK_SEARCH_PATHS = (
					"$(SDKROOT)/Developer/Library/Frameworks",
					"$(inherited)",
					"$(DEVELOPER_FRAMEWORKS_DIR)",
				);
				GCC_PRECOMPILE_PREFIX_HEADER = YES;
				GCC_PREFIX_HEADER = "nsmutabletest/nsmutabletest-Prefix.pch";
				INFOPLIST_FILE = "nsmutabletestTests/nsmutabletestTests-Info.plist";
				PRODUCT_NAME = "$(TARGET_NAME)";
				TEST_HOST = "$(BUNDLE_LOADER)";
				WRAPPER_EXTENSION = xctest;
			};
			name = Release;
		};
/* End XCBuildConfiguration section */

/* Begin XCConfigurationList section */
		3789D8441A674EE30099CE37 /* Build configuration list for PBXProject "nsmutabletest" */ = {
			isa = XCConfigurationList;
			buildConfigurations = (
				3789D8791A674EE30099CE37 /* Debug */,
				3789D87A1A674EE30099CE37 /* Release */,
			);
			defaultConfigurationIsVisible = 0;
			defaultConfigurationName = Release;
		};
		3789D87B1A674EE30099CE37 /* Build configuration list for PBXNativeTarget "nsmutabletest" */ = {
			isa = XCConfigurationList;
			buildConfigurations = (
				3789D87C1A674EE30099CE37 /* Debug */,
				3789D87D1A674EE30099CE37 /* Release */,
			);
			defaultConfigurationIsVisible = 0;
		};
		3789D87E1A674EE30099CE37 /* Build configuration list for PBXNativeTarget "nsmutabletestTests" */ = {
			isa = XCConfigurationList;
			buildConfigurations = (
				3789D87F1A674EE30099CE37 /* Debug */,
				3789D8801A674EE30099CE37 /* Release */,
			);
			defaultConfigurationIsVisible = 0;
		};
/* End XCConfigurationList section */
	};
	rootObject = 3789D8411A674EE30099CE37 /* Project object */;
}
